
Microsoft Visual Studio Solution File, Format Version 12.00
# Visual Studio Version 18
VisualStudioVersion = 18.4.11626.88 stable
MinimumVisualStudioVersion = 10.0.40219.1
Project("{FAE04EC0-301F-11D3-BF4B-00C04F79EFBC}") = "01_CustomCollection", "01_CustomCollection.csproj", "{0DAFC1BB-2C1F-4BC5-B756-C4D82DAD590A}"
EndProject
Global
	GlobalSection(SolutionConfigurationPlatforms) = preSolution
		Debug|Any CPU = Debug|Any CPU
		Release|Any CPU = Release|Any CPU
	EndGlobalSection
	GlobalSection(ProjectConfigurationPlatforms) = postSolution
		{0DAFC1BB-2C1F-4BC5-B756-C4D82DAD590A}.Debug|Any CPU.ActiveCfg = Debug|Any CPU
		{0DAFC1BB-2C1F-4BC5-B756-C4D82DAD590A}.Debug|Any CPU.Build.0 = Debug|Any CPU
		{0DAFC1BB-2C1F-4BC5-B756-C4D82DAD590A}.Release|Any CPU.ActiveCfg = Release|Any CPU
		{0DAFC1BB-2C1F-4BC5-B756-C4D82DAD590A}.Release|Any CPU.Build.0 = Release|Any CPU
	EndGlobalSection
	GlobalSection(SolutionProperties) = preSolution
		HideSolutionNode = FALSE
	EndGlobalSection
	GlobalSection(ExtensibilityGlobals) = postSolution
		SolutionGuid = {769FAEA8-2EA3-47D5-BDF8-115EE2BC18E3}
	EndGlobalSection
EndGlobal
