
Microsoft Visual Studio Solution File, Format Version 12.00
# Visual Studio Version 18
VisualStudioVersion = 18.4.11626.88 stable
MinimumVisualStudioVersion = 10.0.40219.1
Project("{FAE04EC0-301F-11D3-BF4B-00C04F79EFBC}") = "05_GroupByAndLinqChaining", "05_GroupByAndLinqChaining.csproj", "{199CAF83-AEF4-4D23-B606-1768A57D48B0}"
EndProject
Global
	GlobalSection(SolutionConfigurationPlatforms) = preSolution
		Debug|Any CPU = Debug|Any CPU
		Release|Any CPU = Release|Any CPU
	EndGlobalSection
	GlobalSection(ProjectConfigurationPlatforms) = postSolution
		{199CAF83-AEF4-4D23-B606-1768A57D48B0}.Debug|Any CPU.ActiveCfg = Debug|Any CPU
		{199CAF83-AEF4-4D23-B606-1768A57D48B0}.Debug|Any CPU.Build.0 = Debug|Any CPU
		{199CAF83-AEF4-4D23-B606-1768A57D48B0}.Release|Any CPU.ActiveCfg = Release|Any CPU
		{199CAF83-AEF4-4D23-B606-1768A57D48B0}.Release|Any CPU.Build.0 = Release|Any CPU
	EndGlobalSection
	GlobalSection(SolutionProperties) = preSolution
		HideSolutionNode = FALSE
	EndGlobalSection
	GlobalSection(ExtensibilityGlobals) = postSolution
		SolutionGuid = {3C4C63EC-A8AD-4304-A48B-9D6EE55CC2F6}
	EndGlobalSection
EndGlobal
